
Microsoft Visual Studio Solution File, Format Version 12.00
# Visual Studio Version 17
VisualStudioVersion = 17.11.35208.52
MinimumVisualStudioVersion = 10.0.40219.1
Project("{FAE04EC0-301F-11D3-BF4B-00C04F79EFBC}") = "App_HumRights", "App_HumRights.csproj", "{67D5A7DE-7E84-435A-AB6C-D0F6A97828DD}"
EndProject
Global
	GlobalSection(SolutionConfigurationPlatforms) = preSolution
		Debug|Any CPU = Debug|Any CPU
		Release|Any CPU = Release|Any CPU
	EndGlobalSection
	GlobalSection(ProjectConfigurationPlatforms) = postSolution
		{67D5A7DE-7E84-435A-AB6C-D0F6A97828DD}.Debug|Any CPU.ActiveCfg = Debug|Any CPU
		{67D5A7DE-7E84-435A-AB6C-D0F6A97828DD}.Debug|Any CPU.Build.0 = Debug|Any CPU
		{67D5A7DE-7E84-435A-AB6C-D0F6A97828DD}.Release|Any CPU.ActiveCfg = Release|Any CPU
		{67D5A7DE-7E84-435A-AB6C-D0F6A97828DD}.Release|Any CPU.Build.0 = Release|Any CPU
	EndGlobalSection
	GlobalSection(SolutionProperties) = preSolution
		HideSolutionNode = FALSE
	EndGlobalSection
	GlobalSection(ExtensibilityGlobals) = postSolution
		SolutionGuid = {E83A5263-E3E2-4B61-9EDB-419CADCCF0E2}
	EndGlobalSection
EndGlobal
